
Microsoft Visual Studio Solution File, Format Version 12.00
# Visual Studio Version 17
VisualStudioVersion = 17.10.35122.118
MinimumVisualStudioVersion = 10.0.40219.1
Project("{FAE04EC0-301F-11D3-BF4B-00C04F79EFBC}") = "CQRSProject", "CQRSProject.csproj", "{1504E3BA-ECC0-4646-A9B1-EC4BF7097AD9}"
EndProject
Global
	GlobalSection(SolutionConfigurationPlatforms) = preSolution
		Debug|Any CPU = Debug|Any CPU
		Release|Any CPU = Release|Any CPU
	EndGlobalSection
	GlobalSection(ProjectConfigurationPlatforms) = postSolution
		{1504E3BA-ECC0-4646-A9B1-EC4BF7097AD9}.Debug|Any CPU.ActiveCfg = Debug|Any CPU
		{1504E3BA-ECC0-4646-A9B1-EC4BF7097AD9}.Debug|Any CPU.Build.0 = Debug|Any CPU
		{1504E3BA-ECC0-4646-A9B1-EC4BF7097AD9}.Release|Any CPU.ActiveCfg = Release|Any CPU
		{1504E3BA-ECC0-4646-A9B1-EC4BF7097AD9}.Release|Any CPU.Build.0 = Release|Any CPU
	EndGlobalSection
	GlobalSection(SolutionProperties) = preSolution
		HideSolutionNode = FALSE
	EndGlobalSection
	GlobalSection(ExtensibilityGlobals) = postSolution
		SolutionGuid = {06E562D7-0D20-4A71-920F-7D8A752C874B}
	EndGlobalSection
EndGlobal
